// !$*UTF8*$!
{
	archiveVersion = 1;
	classes = {
	};
	objectVersion = 46;
	objects = {

/* Begin PBXBuildFile section */
		5010515C1B94AD3300D08C16 /* WordsViewController.m in Sources */ = {isa = PBXBuildFile; fileRef = 5010515B1B94AD3300D08C16 /* WordsViewController.m */; };
		501633FC1ADE90FA0073B60E /* UIPlotView.m in Sources */ = {isa = PBXBuildFile; fileRef = 501633FB1ADE90FA0073B60E /* UIPlotView.m */; };
		503AAD4D1A027F5B00602F0D /* NCGame.m in Sources */ = {isa = PBXBuildFile; fileRef = 503AAD421A027F5B00602F0D /* NCGame.m */; };
		503AAD4E1A027F5B00602F0D /* NCSettings.m in Sources */ = {isa = PBXBuildFile; fileRef = 503AAD441A027F5B00602F0D /* NCSettings.m */; };
		503AAD501A027F5B00602F0D /* NCStatsViewController.m in Sources */ = {isa = PBXBuildFile; fileRef = 503AAD491A027F5B00602F0D /* NCStatsViewController.m */; };
		503AAD511A027F5B00602F0D /* NCGameViewController.m in Sources */ = {isa = PBXBuildFile; fileRef = 503AAD4B1A027F5B00602F0D /* NCGameViewController.m */; };
		504F859119FC131700DAC9FF /* MainMenuViewController.m in Sources */ = {isa = PBXBuildFile; fileRef = 504F859019FC131700DAC9FF /* MainMenuViewController.m */; };
		505661161C556B3400F75330 /* Settings.plist in Resources */ = {isa = PBXBuildFile; fileRef = 505661151C556B3400F75330 /* Settings.plist */; };
		505661191C55706A00F75330 /* ATSettings.m in Sources */ = {isa = PBXBuildFile; fileRef = 505661181C55706A00F75330 /* ATSettings.m */; };
		5056611B1C55761400F75330 /* Settings.example.plist in Resources */ = {isa = PBXBuildFile; fileRef = 5056611A1C55761400F75330 /* Settings.example.plist */; };
		5056611E1C562CEF00F75330 /* GCHelper.m in Sources */ = {isa = PBXBuildFile; fileRef = 5056611D1C562CEF00F75330 /* GCHelper.m */; };
		5056614E1C562DF900F75330 /* AFHTTPRequestOperation.m in Sources */ = {isa = PBXBuildFile; fileRef = 505661221C562DF900F75330 /* AFHTTPRequestOperation.m */; };
		5056614F1C562DF900F75330 /* AFHTTPRequestOperationManager.m in Sources */ = {isa = PBXBuildFile; fileRef = 505661241C562DF900F75330 /* AFHTTPRequestOperationManager.m */; };
		505661501C562DF900F75330 /* AFHTTPSessionManager.m in Sources */ = {isa = PBXBuildFile; fileRef = 505661261C562DF900F75330 /* AFHTTPSessionManager.m */; };
		505661511C562DF900F75330 /* AFNetworkReachabilityManager.m in Sources */ = {isa = PBXBuildFile; fileRef = 505661291C562DF900F75330 /* AFNetworkReachabilityManager.m */; };
		505661521C562DF900F75330 /* AFSecurityPolicy.m in Sources */ = {isa = PBXBuildFile; fileRef = 5056612B1C562DF900F75330 /* AFSecurityPolicy.m */; };
		505661531C562DF900F75330 /* AFURLConnectionOperation.m in Sources */ = {isa = PBXBuildFile; fileRef = 5056612D1C562DF900F75330 /* AFURLConnectionOperation.m */; };
		505661541C562DF900F75330 /* AFURLRequestSerialization.m in Sources */ = {isa = PBXBuildFile; fileRef = 5056612F1C562DF900F75330 /* AFURLRequestSerialization.m */; };
		505661551C562DF900F75330 /* AFURLResponseSerialization.m in Sources */ = {isa = PBXBuildFile; fileRef = 505661311C562DF900F75330 /* AFURLResponseSerialization.m */; };
		505661561C562DF900F75330 /* AFURLSessionManager.m in Sources */ = {isa = PBXBuildFile; fileRef = 505661331C562DF900F75330 /* AFURLSessionManager.m */; };
		505661571C562DF900F75330 /* PiwikAFNetworking2Dispatcher.m in Sources */ = {isa = PBXBuildFile; fileRef = 505661361C562DF900F75330 /* PiwikAFNetworking2Dispatcher.m */; };
		505661581C562DF900F75330 /* PiwikDebugDispatcher.m in Sources */ = {isa = PBXBuildFile; fileRef = 505661381C562DF900F75330 /* PiwikDebugDispatcher.m */; };
		505661591C562DF900F75330 /* PiwikLocationManager.m in Sources */ = {isa = PBXBuildFile; fileRef = 5056613B1C562DF900F75330 /* PiwikLocationManager.m */; };
		5056615A1C562DF900F75330 /* PiwikNSURLSessionDispatcher.m in Sources */ = {isa = PBXBuildFile; fileRef = 5056613D1C562DF900F75330 /* PiwikNSURLSessionDispatcher.m */; };
		5056615B1C562DF900F75330 /* PiwikTrackedViewController.m in Sources */ = {isa = PBXBuildFile; fileRef = 5056613F1C562DF900F75330 /* PiwikTrackedViewController.m */; };
		5056615C1C562DF900F75330 /* PiwikTracker.m in Sources */ = {isa = PBXBuildFile; fileRef = 505661421C562DF900F75330 /* PiwikTracker.m */; };
		5056615D1C562DF900F75330 /* piwiktracker.xcdatamodeld in Sources */ = {isa = PBXBuildFile; fileRef = 505661431C562DF900F75330 /* piwiktracker.xcdatamodeld */; };
		5056615E1C562DF900F75330 /* PiwikTransaction.m in Sources */ = {isa = PBXBuildFile; fileRef = 505661471C562DF900F75330 /* PiwikTransaction.m */; };
		5056615F1C562DF900F75330 /* PiwikTransactionBuilder.m in Sources */ = {isa = PBXBuildFile; fileRef = 505661491C562DF900F75330 /* PiwikTransactionBuilder.m */; };
		505661601C562DF900F75330 /* PiwikTransactionItem.m in Sources */ = {isa = PBXBuildFile; fileRef = 5056614B1C562DF900F75330 /* PiwikTransactionItem.m */; };
		505661611C562DF900F75330 /* PTEventEntity.m in Sources */ = {isa = PBXBuildFile; fileRef = 5056614D1C562DF900F75330 /* PTEventEntity.m */; };
		5056616D1C562F1300F75330 /* ATGame.m in Sources */ = {isa = PBXBuildFile; fileRef = 505661641C562F1300F75330 /* ATGame.m */; };
		5056616E1C562F1300F75330 /* ATQuestionViewController.m in Sources */ = {isa = PBXBuildFile; fileRef = 505661661C562F1300F75330 /* ATQuestionViewController.m */; };
		505661701C562F1300F75330 /* ATShape.m in Sources */ = {isa = PBXBuildFile; fileRef = 5056616A1C562F1300F75330 /* ATShape.m */; };
		505661711C562F1300F75330 /* AttentionViewController.m in Sources */ = {isa = PBXBuildFile; fileRef = 5056616C1C562F1300F75330 /* AttentionViewController.m */; };
		5058ABCC1BAF053200EBD28B /* Utils.m in Sources */ = {isa = PBXBuildFile; fileRef = 5058ABCB1BAF053200EBD28B /* Utils.m */; };
		508F6EB81C35B958006CD8A8 /* iAd.framework in Frameworks */ = {isa = PBXBuildFile; fileRef = 508F6EB71C35B958006CD8A8 /* iAd.framework */; };
		50A0A0B31B5D2FAD0096B38B /* LeaderboardTableViewController.m in Sources */ = {isa = PBXBuildFile; fileRef = 50A0A0B21B5D2FAD0096B38B /* LeaderboardTableViewController.m */; };
		50B0CF3919CDFB0200CCB9AB /* main.m in Sources */ = {isa = PBXBuildFile; fileRef = 50B0CF3819CDFB0200CCB9AB /* main.m */; };
		50B0CF3C19CDFB0200CCB9AB /* AppDelegate.m in Sources */ = {isa = PBXBuildFile; fileRef = 50B0CF3B19CDFB0200CCB9AB /* AppDelegate.m */; };
		50B0CF3F19CDFB0200CCB9AB /* attention.xcdatamodeld in Sources */ = {isa = PBXBuildFile; fileRef = 50B0CF3D19CDFB0200CCB9AB /* attention.xcdatamodeld */; };
		50B0CF4719CDFB0200CCB9AB /* Images.xcassets in Resources */ = {isa = PBXBuildFile; fileRef = 50B0CF4619CDFB0200CCB9AB /* Images.xcassets */; };
		50B0CF4A19CDFB0200CCB9AB /* LaunchScreen.xib in Resources */ = {isa = PBXBuildFile; fileRef = 50B0CF4819CDFB0200CCB9AB /* LaunchScreen.xib */; };
		50B0CF5619CDFB0200CCB9AB /* attentionTests.m in Sources */ = {isa = PBXBuildFile; fileRef = 50B0CF5519CDFB0200CCB9AB /* attentionTests.m */; };
		50CF3C7C1B3ABE0200B1CD4D /* Localizable.strings in Resources */ = {isa = PBXBuildFile; fileRef = 50CF3C7E1B3ABE0200B1CD4D /* Localizable.strings */; };
		50CF3C801B3ABF6100B1CD4D /* Universal.storyboard in Resources */ = {isa = PBXBuildFile; fileRef = 50CF3C821B3ABF6100B1CD4D /* Universal.storyboard */; };
		50CF3C8C1B3B0F0200B1CD4D /* NCCell.m in Sources */ = {isa = PBXBuildFile; fileRef = 50CF3C8B1B3B0F0200B1CD4D /* NCCell.m */; };
/* End PBXBuildFile section */

/* Begin PBXContainerItemProxy section */
		50B0CF5019CDFB0200CCB9AB /* PBXContainerItemProxy */ = {
			isa = PBXContainerItemProxy;
			containerPortal = 50B0CF2B19CDFB0200CCB9AB /* Project object */;
			proxyType = 1;
			remoteGlobalIDString = 50B0CF3219CDFB0200CCB9AB;
			remoteInfo = attention;
		};
/* End PBXContainerItemProxy section */

/* Begin PBXFileReference section */
		5010515A1B94AD3300D08C16 /* WordsViewController.h */ = {isa = PBXFileReference; fileEncoding = 4; lastKnownFileType = sourcecode.c.h; path = WordsViewController.h; sourceTree = "<group>"; };
		5010515B1B94AD3300D08C16 /* WordsViewController.m */ = {isa = PBXFileReference; fileEncoding = 4; lastKnownFileType = sourcecode.c.objc; path = WordsViewController.m; sourceTree = "<group>"; };
		501633FA1ADE90FA0073B60E /* UIPlotView.h */ = {isa = PBXFileReference; fileEncoding = 4; lastKnownFileType = sourcecode.c.h; name = UIPlotView.h; path = ../UIPlotView.h; sourceTree = "<group>"; };
		501633FB1ADE90FA0073B60E /* UIPlotView.m */ = {isa = PBXFileReference; fileEncoding = 4; lastKnownFileType = sourcecode.c.objc; name = UIPlotView.m; path = ../UIPlotView.m; sourceTree = "<group>"; };
		503AAD411A027F5B00602F0D /* NCGame.h */ = {isa = PBXFileReference; fileEncoding = 4; lastKnownFileType = sourcecode.c.h; path = NCGame.h; sourceTree = "<group>"; };
		503AAD421A027F5B00602F0D /* NCGame.m */ = {isa = PBXFileReference; fileEncoding = 4; lastKnownFileType = sourcecode.c.objc; path = NCGame.m; sourceTree = "<group>"; };
		503AAD431A027F5B00602F0D /* NCSettings.h */ = {isa = PBXFileReference; fileEncoding = 4; lastKnownFileType = sourcecode.c.h; path = NCSettings.h; sourceTree = "<group>"; };
		503AAD441A027F5B00602F0D /* NCSettings.m */ = {isa = PBXFileReference; fileEncoding = 4; lastKnownFileType = sourcecode.c.objc; path = NCSettings.m; sourceTree = "<group>"; };
		503AAD481A027F5B00602F0D /* NCStatsViewController.h */ = {isa = PBXFileReference; fileEncoding = 4; lastKnownFileType = sourcecode.c.h; path = NCStatsViewController.h; sourceTree = "<group>"; };
		503AAD491A027F5B00602F0D /* NCStatsViewController.m */ = {isa = PBXFileReference; fileEncoding = 4; lastKnownFileType = sourcecode.c.objc; path = NCStatsViewController.m; sourceTree = "<group>"; };
		503AAD4A1A027F5B00602F0D /* NCGameViewController.h */ = {isa = PBXFileReference; fileEncoding = 4; lastKnownFileType = sourcecode.c.h; path = NCGameViewController.h; sourceTree = "<group>"; };
		503AAD4B1A027F5B00602F0D /* NCGameViewController.m */ = {isa = PBXFileReference; fileEncoding = 4; lastKnownFileType = sourcecode.c.objc; path = NCGameViewController.m; sourceTree = "<group>"; };
		504F858F19FC131700DAC9FF /* MainMenuViewController.h */ = {isa = PBXFileReference; fileEncoding = 4; lastKnownFileType = sourcecode.c.h; path = MainMenuViewController.h; sourceTree = "<group>"; };
		504F859019FC131700DAC9FF /* MainMenuViewController.m */ = {isa = PBXFileReference; fileEncoding = 4; lastKnownFileType = sourcecode.c.objc; path = MainMenuViewController.m; sourceTree = "<group>"; };
		505661151C556B3400F75330 /* Settings.plist */ = {isa = PBXFileReference; fileEncoding = 4; lastKnownFileType = text.plist.xml; path = Settings.plist; sourceTree = "<group>"; };
		505661171C55706A00F75330 /* ATSettings.h */ = {isa = PBXFileReference; fileEncoding = 4; lastKnownFileType = sourcecode.c.h; path = ATSettings.h; sourceTree = "<group>"; };
		505661181C55706A00F75330 /* ATSettings.m */ = {isa = PBXFileReference; fileEncoding = 4; lastKnownFileType = sourcecode.c.objc; path = ATSettings.m; sourceTree = "<group>"; };
		5056611A1C55761400F75330 /* Settings.example.plist */ = {isa = PBXFileReference; fileEncoding = 4; lastKnownFileType = text.plist.xml; path = Settings.example.plist; sourceTree = "<group>"; };
		5056611C1C562CEF00F75330 /* GCHelper.h */ = {isa = PBXFileReference; fileEncoding = 4; lastKnownFileType = sourcecode.c.h; path = GCHelper.h; sourceTree = "<group>"; };
		5056611D1C562CEF00F75330 /* GCHelper.m */ = {isa = PBXFileReference; fileEncoding = 4; lastKnownFileType = sourcecode.c.objc; path = GCHelper.m; sourceTree = "<group>"; };
		505661211C562DF900F75330 /* AFHTTPRequestOperation.h */ = {isa = PBXFileReference; fileEncoding = 4; lastKnownFileType = sourcecode.c.h; path = AFHTTPRequestOperation.h; sourceTree = "<group>"; };
		505661221C562DF900F75330 /* AFHTTPRequestOperation.m */ = {isa = PBXFileReference; fileEncoding = 4; lastKnownFileType = sourcecode.c.objc; path = AFHTTPRequestOperation.m; sourceTree = "<group>"; };
		505661231C562DF900F75330 /* AFHTTPRequestOperationManager.h */ = {isa = PBXFileReference; fileEncoding = 4; lastKnownFileType = sourcecode.c.h; path = AFHTTPRequestOperationManager.h; sourceTree = "<group>"; };
		505661241C562DF900F75330 /* AFHTTPRequestOperationManager.m */ = {isa = PBXFileReference; fileEncoding = 4; lastKnownFileType = sourcecode.c.objc; path = AFHTTPRequestOperationManager.m; sourceTree = "<group>"; };
		505661251C562DF900F75330 /* AFHTTPSessionManager.h */ = {isa = PBXFileReference; fileEncoding = 4; lastKnownFileType = sourcecode.c.h; path = AFHTTPSessionManager.h; sourceTree = "<group>"; };
		505661261C562DF900F75330 /* AFHTTPSessionManager.m */ = {isa = PBXFileReference; fileEncoding = 4; lastKnownFileType = sourcecode.c.objc; path = AFHTTPSessionManager.m; sourceTree = "<group>"; };
		505661271C562DF900F75330 /* AFNetworking.h */ = {isa = PBXFileReference; fileEncoding = 4; lastKnownFileType = sourcecode.c.h; path = AFNetworking.h; sourceTree = "<group>"; };
		505661281C562DF900F75330 /* AFNetworkReachabilityManager.h */ = {isa = PBXFileReference; fileEncoding = 4; lastKnownFileType = sourcecode.c.h; path = AFNetworkReachabilityManager.h; sourceTree = "<group>"; };
		505661291C562DF900F75330 /* AFNetworkReachabilityManager.m */ = {isa = PBXFileReference; fileEncoding = 4; lastKnownFileType = sourcecode.c.objc; path = AFNetworkReachabilityManager.m; sourceTree = "<group>"; };
		5056612A1C562DF900F75330 /* AFSecurityPolicy.h */ = {isa = PBXFileReference; fileEncoding = 4; lastKnownFileType = sourcecode.c.h; path = AFSecurityPolicy.h; sourceTree = "<group>"; };
		5056612B1C562DF900F75330 /* AFSecurityPolicy.m */ = {isa = PBXFileReference; fileEncoding = 4; lastKnownFileType = sourcecode.c.objc; path = AFSecurityPolicy.m; sourceTree = "<group>"; };
		5056612C1C562DF900F75330 /* AFURLConnectionOperation.h */ = {isa = PBXFileReference; fileEncoding = 4; lastKnownFileType = sourcecode.c.h; path = AFURLConnectionOperation.h; sourceTree = "<group>"; };
		5056612D1C562DF900F75330 /* AFURLConnectionOperation.m */ = {isa = PBXFileReference; fileEncoding = 4; lastKnownFileType = sourcecode.c.objc; path = AFURLConnectionOperation.m; sourceTree = "<group>"; };
		5056612E1C562DF900F75330 /* AFURLRequestSerialization.h */ = {isa = PBXFileReference; fileEncoding = 4; lastKnownFileType = sourcecode.c.h; path = AFURLRequestSerialization.h; sourceTree = "<group>"; };
		5056612F1C562DF900F75330 /* AFURLRequestSerialization.m */ = {isa = PBXFileReference; fileEncoding = 4; lastKnownFileType = sourcecode.c.objc; path = AFURLRequestSerialization.m; sourceTree = "<group>"; };
		505661301C562DF900F75330 /* AFURLResponseSerialization.h */ = {isa = PBXFileReference; fileEncoding = 4; lastKnownFileType = sourcecode.c.h; path = AFURLResponseSerialization.h; sourceTree = "<group>"; };
		505661311C562DF900F75330 /* AFURLResponseSerialization.m */ = {isa = PBXFileReference; fileEncoding = 4; lastKnownFileType = sourcecode.c.objc; path = AFURLResponseSerialization.m; sourceTree = "<group>"; };
		505661321C562DF900F75330 /* AFURLSessionManager.h */ = {isa = PBXFileReference; fileEncoding = 4; lastKnownFileType = sourcecode.c.h; path = AFURLSessionManager.h; sourceTree = "<group>"; };
		505661331C562DF900F75330 /* AFURLSessionManager.m */ = {isa = PBXFileReference; fileEncoding = 4; lastKnownFileType = sourcecode.c.objc; path = AFURLSessionManager.m; sourceTree = "<group>"; };
		505661351C562DF900F75330 /* PiwikAFNetworking2Dispatcher.h */ = {isa = PBXFileReference; fileEncoding = 4; lastKnownFileType = sourcecode.c.h; path = PiwikAFNetworking2Dispatcher.h; sourceTree = "<group>"; };
		505661361C562DF900F75330 /* PiwikAFNetworking2Dispatcher.m */ = {isa = PBXFileReference; fileEncoding = 4; lastKnownFileType = sourcecode.c.objc; path = PiwikAFNetworking2Dispatcher.m; sourceTree = "<group>"; };
		505661371C562DF900F75330 /* PiwikDebugDispatcher.h */ = {isa = PBXFileReference; fileEncoding = 4; lastKnownFileType = sourcecode.c.h; path = PiwikDebugDispatcher.h; sourceTree = "<group>"; };
		505661381C562DF900F75330 /* PiwikDebugDispatcher.m */ = {isa = PBXFileReference; fileEncoding = 4; lastKnownFileType = sourcecode.c.objc; path = PiwikDebugDispatcher.m; sourceTree = "<group>"; };
		505661391C562DF900F75330 /* PiwikDispatcher.h */ = {isa = PBXFileReference; fileEncoding = 4; lastKnownFileType = sourcecode.c.h; path = PiwikDispatcher.h; sourceTree = "<group>"; };
		5056613A1C562DF900F75330 /* PiwikLocationManager.h */ = {isa = PBXFileReference; fileEncoding = 4; lastKnownFileType = sourcecode.c.h; path = PiwikLocationManager.h; sourceTree = "<group>"; };
		5056613B1C562DF900F75330 /* PiwikLocationManager.m */ = {isa = PBXFileReference; fileEncoding = 4; lastKnownFileType = sourcecode.c.objc; path = PiwikLocationManager.m; sourceTree = "<group>"; };
		5056613C1C562DF900F75330 /* PiwikNSURLSessionDispatcher.h */ = {isa = PBXFileReference; fileEncoding = 4; lastKnownFileType = sourcecode.c.h; path = PiwikNSURLSessionDispatcher.h; sourceTree = "<group>"; };
		5056613D1C562DF900F75330 /* PiwikNSURLSessionDispatcher.m */ = {isa = PBXFileReference; fileEncoding = 4; lastKnownFileType = sourcecode.c.objc; path = PiwikNSURLSessionDispatcher.m; sourceTree = "<group>"; };
		5056613E1C562DF900F75330 /* PiwikTrackedViewController.h */ = {isa = PBXFileReference; fileEncoding = 4; lastKnownFileType = sourcecode.c.h; path = PiwikTrackedViewController.h; sourceTree = "<group>"; };
		5056613F1C562DF900F75330 /* PiwikTrackedViewController.m */ = {isa = PBXFileReference; fileEncoding = 4; lastKnownFileType = sourcecode.c.objc; path = PiwikTrackedViewController.m; sourceTree = "<group>"; };
		505661401C562DF900F75330 /* PiwikTracker-Prefix.pch */ = {isa = PBXFileReference; fileEncoding = 4; lastKnownFileType = sourcecode.c.h; path = "PiwikTracker-Prefix.pch"; sourceTree = "<group>"; };
		505661411C562DF900F75330 /* PiwikTracker.h */ = {isa = PBXFileReference; fileEncoding = 4; lastKnownFileType = sourcecode.c.h; path = PiwikTracker.h; sourceTree = "<group>"; };
		505661421C562DF900F75330 /* PiwikTracker.m */ = {isa = PBXFileReference; fileEncoding = 4; lastKnownFileType = sourcecode.c.objc; path = PiwikTracker.m; sourceTree = "<group>"; };
		505661441C562DF900F75330 /* piwiktracker v2.xcdatamodel */ = {isa = PBXFileReference; lastKnownFileType = wrapper.xcdatamodel; path = "piwiktracker v2.xcdatamodel"; sourceTree = "<group>"; };
		505661451C562DF900F75330 /* piwiktracker.xcdatamodel */ = {isa = PBXFileReference; lastKnownFileType = wrapper.xcdatamodel; path = piwiktracker.xcdatamodel; sourceTree = "<group>"; };
		505661461C562DF900F75330 /* PiwikTransaction.h */ = {isa = PBXFileReference; fileEncoding = 4; lastKnownFileType = sourcecode.c.h; path = PiwikTransaction.h; sourceTree = "<group>"; };
		505661471C562DF900F75330 /* PiwikTransaction.m */ = {isa = PBXFileReference; fileEncoding = 4; lastKnownFileType = sourcecode.c.objc; path = PiwikTransaction.m; sourceTree = "<group>"; };
		505661481C562DF900F75330 /* PiwikTransactionBuilder.h */ = {isa = PBXFileReference; fileEncoding = 4; lastKnownFileType = sourcecode.c.h; path = PiwikTransactionBuilder.h; sourceTree = "<group>"; };
		505661491C562DF900F75330 /* PiwikTransactionBuilder.m */ = {isa = PBXFileReference; fileEncoding = 4; lastKnownFileType = sourcecode.c.objc; path = PiwikTransactionBuilder.m; sourceTree = "<group>"; };
		5056614A1C562DF900F75330 /* PiwikTransactionItem.h */ = {isa = PBXFileReference; fileEncoding = 4; lastKnownFileType = sourcecode.c.h; path = PiwikTransactionItem.h; sourceTree = "<group>"; };
		5056614B1C562DF900F75330 /* PiwikTransactionItem.m */ = {isa = PBXFileReference; fileEncoding = 4; lastKnownFileType = sourcecode.c.objc; path = PiwikTransactionItem.m; sourceTree = "<group>"; };
		5056614C1C562DF900F75330 /* PTEventEntity.h */ = {isa = PBXFileReference; fileEncoding = 4; lastKnownFileType = sourcecode.c.h; path = PTEventEntity.h; sourceTree = "<group>"; };
		5056614D1C562DF900F75330 /* PTEventEntity.m */ = {isa = PBXFileReference; fileEncoding = 4; lastKnownFileType = sourcecode.c.objc; path = PTEventEntity.m; sourceTree = "<group>"; };
		505661631C562F1300F75330 /* ATGame.h */ = {isa = PBXFileReference; fileEncoding = 4; lastKnownFileType = sourcecode.c.h; path = ATGame.h; sourceTree = "<group>"; };
		505661641C562F1300F75330 /* ATGame.m */ = {isa = PBXFileReference; fileEncoding = 4; lastKnownFileType = sourcecode.c.objc; path = ATGame.m; sourceTree = "<group>"; };
		505661651C562F1300F75330 /* ATQuestionViewController.h */ = {isa = PBXFileReference; fileEncoding = 4; lastKnownFileType = sourcecode.c.h; path = ATQuestionViewController.h; sourceTree = "<group>"; };
		505661661C562F1300F75330 /* ATQuestionViewController.m */ = {isa = PBXFileReference; fileEncoding = 4; lastKnownFileType = sourcecode.c.objc; path = ATQuestionViewController.m; sourceTree = "<group>"; };
		505661691C562F1300F75330 /* ATShape.h */ = {isa = PBXFileReference; fileEncoding = 4; lastKnownFileType = sourcecode.c.h; path = ATShape.h; sourceTree = "<group>"; };
		5056616A1C562F1300F75330 /* ATShape.m */ = {isa = PBXFileReference; fileEncoding = 4; lastKnownFileType = sourcecode.c.objc; path = ATShape.m; sourceTree = "<group>"; };
		5056616B1C562F1300F75330 /* AttentionViewController.h */ = {isa = PBXFileReference; fileEncoding = 4; lastKnownFileType = sourcecode.c.h; path = AttentionViewController.h; sourceTree = "<group>"; };
		5056616C1C562F1300F75330 /* AttentionViewController.m */ = {isa = PBXFileReference; fileEncoding = 4; lastKnownFileType = sourcecode.c.objc; path = AttentionViewController.m; sourceTree = "<group>"; };
		5058ABCA1BAF053200EBD28B /* Utils.h */ = {isa = PBXFileReference; fileEncoding = 4; lastKnownFileType = sourcecode.c.h; path = Utils.h; sourceTree = "<group>"; };
		5058ABCB1BAF053200EBD28B /* Utils.m */ = {isa = PBXFileReference; fileEncoding = 4; lastKnownFileType = sourcecode.c.objc; path = Utils.m; sourceTree = "<group>"; };
		507BD4881B2CA4BE003FFF10 /* en-US */ = {isa = PBXFileReference; lastKnownFileType = text.plist.strings; name = "en-US"; path = "en-US.lproj/LaunchScreen.strings"; sourceTree = "<group>"; };
		507BD4891B2CA4E5003FFF10 /* en */ = {isa = PBXFileReference; lastKnownFileType = text.plist.strings; name = en; path = en.lproj/LaunchScreen.strings; sourceTree = "<group>"; };
		507BD48A1B2CA595003FFF10 /* en-GB */ = {isa = PBXFileReference; lastKnownFileType = text.plist.strings; name = "en-GB"; path = "en-GB.lproj/LaunchScreen.strings"; sourceTree = "<group>"; };
		508F6EB71C35B958006CD8A8 /* iAd.framework */ = {isa = PBXFileReference; lastKnownFileType = wrapper.framework; name = iAd.framework; path = System/Library/Frameworks/iAd.framework; sourceTree = SDKROOT; };
		50A0A0B11B5D2FAD0096B38B /* LeaderboardTableViewController.h */ = {isa = PBXFileReference; fileEncoding = 4; lastKnownFileType = sourcecode.c.h; path = LeaderboardTableViewController.h; sourceTree = "<group>"; };
		50A0A0B21B5D2FAD0096B38B /* LeaderboardTableViewController.m */ = {isa = PBXFileReference; fileEncoding = 4; lastKnownFileType = sourcecode.c.objc; path = LeaderboardTableViewController.m; sourceTree = "<group>"; };
		50B0CF3319CDFB0200CCB9AB /* attention.app */ = {isa = PBXFileReference; explicitFileType = wrapper.application; includeInIndex = 0; path = attention.app; sourceTree = BUILT_PRODUCTS_DIR; };
		50B0CF3719CDFB0200CCB9AB /* Info.plist */ = {isa = PBXFileReference; lastKnownFileType = text.plist.xml; path = Info.plist; sourceTree = "<group>"; };
		50B0CF3819CDFB0200CCB9AB /* main.m */ = {isa = PBXFileReference; lastKnownFileType = sourcecode.c.objc; path = main.m; sourceTree = "<group>"; };
		50B0CF3A19CDFB0200CCB9AB /* AppDelegate.h */ = {isa = PBXFileReference; lastKnownFileType = sourcecode.c.h; path = AppDelegate.h; sourceTree = "<group>"; };
		50B0CF3B19CDFB0200CCB9AB /* AppDelegate.m */ = {isa = PBXFileReference; lastKnownFileType = sourcecode.c.objc; path = AppDelegate.m; sourceTree = "<group>"; };
		50B0CF3E19CDFB0200CCB9AB /* attention.xcdatamodel */ = {isa = PBXFileReference; lastKnownFileType = wrapper.xcdatamodel; path = attention.xcdatamodel; sourceTree = "<group>"; };
		50B0CF4619CDFB0200CCB9AB /* Images.xcassets */ = {isa = PBXFileReference; lastKnownFileType = folder.assetcatalog; path = Images.xcassets; sourceTree = "<group>"; };
		50B0CF4919CDFB0200CCB9AB /* Base */ = {isa = PBXFileReference; lastKnownFileType = file.xib; name = Base; path = Base.lproj/LaunchScreen.xib; sourceTree = "<group>"; };
		50B0CF4F19CDFB0200CCB9AB /* attentionTests.xctest */ = {isa = PBXFileReference; explicitFileType = wrapper.cfbundle; includeInIndex = 0; path = attentionTests.xctest; sourceTree = BUILT_PRODUCTS_DIR; };
		50B0CF5419CDFB0200CCB9AB /* Info.plist */ = {isa = PBXFileReference; lastKnownFileType = text.plist.xml; path = Info.plist; sourceTree = "<group>"; };
		50B0CF5519CDFB0200CCB9AB /* attentionTests.m */ = {isa = PBXFileReference; lastKnownFileType = sourcecode.c.objc; path = attentionTests.m; sourceTree = "<group>"; };
		50CF3C7B1B3ABDA500B1CD4D /* ru */ = {isa = PBXFileReference; lastKnownFileType = text.plist.strings; name = ru; path = ru.lproj/LaunchScreen.strings; sourceTree = "<group>"; };
		50CF3C7D1B3ABE0200B1CD4D /* ru */ = {isa = PBXFileReference; lastKnownFileType = text.plist.strings; name = ru; path = ru.lproj/Localizable.strings; sourceTree = "<group>"; };
		50CF3C811B3ABF6100B1CD4D /* Base */ = {isa = PBXFileReference; lastKnownFileType = file.storyboard; name = Base; path = Base.lproj/Universal.storyboard; sourceTree = "<group>"; };
		50CF3C851B3ABF7700B1CD4D /* Base */ = {isa = PBXFileReference; lastKnownFileType = text.plist.strings; name = Base; path = Base.lproj/Localizable.strings; sourceTree = "<group>"; };
		50CF3C891B3AC2DB00B1CD4D /* ru */ = {isa = PBXFileReference; lastKnownFileType = text.plist.strings; name = ru; path = ru.lproj/Universal.strings; sourceTree = "<group>"; };
		50CF3C8A1B3B0F0200B1CD4D /* NCCell.h */ = {isa = PBXFileReference; fileEncoding = 4; lastKnownFileType = sourcecode.c.h; path = NCCell.h; sourceTree = "<group>"; };
		50CF3C8B1B3B0F0200B1CD4D /* NCCell.m */ = {isa = PBXFileReference; fileEncoding = 4; lastKnownFileType = sourcecode.c.objc; path = NCCell.m; sourceTree = "<group>"; };
		50CF3C8D1B3C1BC100B1CD4D /* fr */ = {isa = PBXFileReference; lastKnownFileType = text.plist.strings; name = fr; path = fr.lproj/Universal.strings; sourceTree = "<group>"; };
		50CF3C8E1B3C1BC200B1CD4D /* fr */ = {isa = PBXFileReference; lastKnownFileType = text.plist.strings; name = fr; path = fr.lproj/LaunchScreen.strings; sourceTree = "<group>"; };
		50CF3C8F1B3C1BC200B1CD4D /* fr */ = {isa = PBXFileReference; lastKnownFileType = text.plist.strings; name = fr; path = fr.lproj/Localizable.strings; sourceTree = "<group>"; };
/* End PBXFileReference section */

/* Begin PBXFrameworksBuildPhase section */
		50B0CF3019CDFB0200CCB9AB /* Frameworks */ = {
			isa = PBXFrameworksBuildPhase;
			buildActionMask = 2147483647;
			files = (
				508F6EB81C35B958006CD8A8 /* iAd.framework in Frameworks */,
			);
			runOnlyForDeploymentPostprocessing = 0;
		};
		50B0CF4C19CDFB0200CCB9AB /* Frameworks */ = {
			isa = PBXFrameworksBuildPhase;
			buildActionMask = 2147483647;
			files = (
			);
			runOnlyForDeploymentPostprocessing = 0;
		};
/* End PBXFrameworksBuildPhase section */

/* Begin PBXGroup section */
		503AAD2B1A027D1E00602F0D /* NumbersCount */ = {
			isa = PBXGroup;
			children = (
				503AAD3E1A027F5B00602F0D /* Model */,
				503AAD451A027F5B00602F0D /* Controller */,
			);
			name = NumbersCount;
			sourceTree = "<group>";
		};
		503AAD3E1A027F5B00602F0D /* Model */ = {
			isa = PBXGroup;
			children = (
				50CF3C8A1B3B0F0200B1CD4D /* NCCell.h */,
				50CF3C8B1B3B0F0200B1CD4D /* NCCell.m */,
				503AAD411A027F5B00602F0D /* NCGame.h */,
				503AAD421A027F5B00602F0D /* NCGame.m */,
				503AAD431A027F5B00602F0D /* NCSettings.h */,
				503AAD441A027F5B00602F0D /* NCSettings.m */,
			);
			name = Model;
			path = Games/NumbersCount/Model;
			sourceTree = "<group>";
		};
		503AAD451A027F5B00602F0D /* Controller */ = {
			isa = PBXGroup;
			children = (
				503AAD481A027F5B00602F0D /* NCStatsViewController.h */,
				503AAD491A027F5B00602F0D /* NCStatsViewController.m */,
				503AAD4A1A027F5B00602F0D /* NCGameViewController.h */,
				503AAD4B1A027F5B00602F0D /* NCGameViewController.m */,
				50A0A0B11B5D2FAD0096B38B /* LeaderboardTableViewController.h */,
				50A0A0B21B5D2FAD0096B38B /* LeaderboardTableViewController.m */,
			);
			name = Controller;
			path = Games/NumbersCount/Controller;
			sourceTree = "<group>";
		};
		504F858E19FAD66700DAC9FF /* Games */ = {
			isa = PBXGroup;
			children = (
				505661621C562F1300F75330 /* Suspects */,
				503AAD2B1A027D1E00602F0D /* NumbersCount */,
				5010515A1B94AD3300D08C16 /* WordsViewController.h */,
				5010515B1B94AD3300D08C16 /* WordsViewController.m */,
				5058ABCA1BAF053200EBD28B /* Utils.h */,
				5058ABCB1BAF053200EBD28B /* Utils.m */,
			);
			name = Games;
			sourceTree = "<group>";
		};
		5056611F1C562DF900F75330 /* libs */ = {
			isa = PBXGroup;
			children = (
				505661201C562DF900F75330 /* AFNetworking */,
				505661341C562DF900F75330 /* PiwikTracker */,
			);
			path = libs;
			sourceTree = "<group>";
		};
		505661201C562DF900F75330 /* AFNetworking */ = {
			isa = PBXGroup;
			children = (
				505661211C562DF900F75330 /* AFHTTPRequestOperation.h */,
				505661221C562DF900F75330 /* AFHTTPRequestOperation.m */,
				505661231C562DF900F75330 /* AFHTTPRequestOperationManager.h */,
				505661241C562DF900F75330 /* AFHTTPRequestOperationManager.m */,
				505661251C562DF900F75330 /* AFHTTPSessionManager.h */,
				505661261C562DF900F75330 /* AFHTTPSessionManager.m */,
				505661271C562DF900F75330 /* AFNetworking.h */,
				505661281C562DF900F75330 /* AFNetworkReachabilityManager.h */,
				505661291C562DF900F75330 /* AFNetworkReachabilityManager.m */,
				5056612A1C562DF900F75330 /* AFSecurityPolicy.h */,
				5056612B1C562DF900F75330 /* AFSecurityPolicy.m */,
				5056612C1C562DF900F75330 /* AFURLConnectionOperation.h */,
				5056612D1C562DF900F75330 /* AFURLConnectionOperation.m */,
				5056612E1C562DF900F75330 /* AFURLRequestSerialization.h */,
				5056612F1C562DF900F75330 /* AFURLRequestSerialization.m */,
				505661301C562DF900F75330 /* AFURLResponseSerialization.h */,
				505661311C562DF900F75330 /* AFURLResponseSerialization.m */,
				505661321C562DF900F75330 /* AFURLSessionManager.h */,
				505661331C562DF900F75330 /* AFURLSessionManager.m */,
			);
			path = AFNetworking;
			sourceTree = "<group>";
		};
		505661341C562DF900F75330 /* PiwikTracker */ = {
			isa = PBXGroup;
			children = (
				505661351C562DF900F75330 /* PiwikAFNetworking2Dispatcher.h */,
				505661361C562DF900F75330 /* PiwikAFNetworking2Dispatcher.m */,
				505661371C562DF900F75330 /* PiwikDebugDispatcher.h */,
				505661381C562DF900F75330 /* PiwikDebugDispatcher.m */,
				505661391C562DF900F75330 /* PiwikDispatcher.h */,
				5056613A1C562DF900F75330 /* PiwikLocationManager.h */,
				5056613B1C562DF900F75330 /* PiwikLocationManager.m */,
				5056613C1C562DF900F75330 /* PiwikNSURLSessionDispatcher.h */,
				5056613D1C562DF900F75330 /* PiwikNSURLSessionDispatcher.m */,
				5056613E1C562DF900F75330 /* PiwikTrackedViewController.h */,
				5056613F1C562DF900F75330 /* PiwikTrackedViewController.m */,
				505661401C562DF900F75330 /* PiwikTracker-Prefix.pch */,
				505661411C562DF900F75330 /* PiwikTracker.h */,
				505661421C562DF900F75330 /* PiwikTracker.m */,
				505661431C562DF900F75330 /* piwiktracker.xcdatamodeld */,
				505661461C562DF900F75330 /* PiwikTransaction.h */,
				505661471C562DF900F75330 /* PiwikTransaction.m */,
				505661481C562DF900F75330 /* PiwikTransactionBuilder.h */,
				505661491C562DF900F75330 /* PiwikTransactionBuilder.m */,
				5056614A1C562DF900F75330 /* PiwikTransactionItem.h */,
				5056614B1C562DF900F75330 /* PiwikTransactionItem.m */,
				5056614C1C562DF900F75330 /* PTEventEntity.h */,
				5056614D1C562DF900F75330 /* PTEventEntity.m */,
			);
			path = PiwikTracker;
			sourceTree = "<group>";
		};
		505661621C562F1300F75330 /* Suspects */ = {
			isa = PBXGroup;
			children = (
				505661631C562F1300F75330 /* ATGame.h */,
				505661641C562F1300F75330 /* ATGame.m */,
				505661651C562F1300F75330 /* ATQuestionViewController.h */,
				505661661C562F1300F75330 /* ATQuestionViewController.m */,
				505661691C562F1300F75330 /* ATShape.h */,
				5056616A1C562F1300F75330 /* ATShape.m */,
				5056616B1C562F1300F75330 /* AttentionViewController.h */,
				5056616C1C562F1300F75330 /* AttentionViewController.m */,
			);
			name = Suspects;
			path = Games/Suspects;
			sourceTree = "<group>";
		};
		50B0CF2A19CDFB0200CCB9AB = {
			isa = PBXGroup;
			children = (
				508F6EB71C35B958006CD8A8 /* iAd.framework */,
				50B0CF3519CDFB0200CCB9AB /* attention */,
				50B0CF5219CDFB0200CCB9AB /* attentionTests */,
				50B0CF3419CDFB0200CCB9AB /* Products */,
			);
			sourceTree = "<group>";
		};
		50B0CF3419CDFB0200CCB9AB /* Products */ = {
			isa = PBXGroup;
			children = (
				50B0CF3319CDFB0200CCB9AB /* attention.app */,
				50B0CF4F19CDFB0200CCB9AB /* attentionTests.xctest */,
			);
			name = Products;
			sourceTree = "<group>";
		};
		50B0CF3519CDFB0200CCB9AB /* attention */ = {
			isa = PBXGroup;
			children = (
				5056611F1C562DF900F75330 /* libs */,
				504F858E19FAD66700DAC9FF /* Games */,
				50CF3C821B3ABF6100B1CD4D /* Universal.storyboard */,
				50CF3C7E1B3ABE0200B1CD4D /* Localizable.strings */,
				50B0CF4619CDFB0200CCB9AB /* Images.xcassets */,
				50B0CF4819CDFB0200CCB9AB /* LaunchScreen.xib */,
				50B0CF3D19CDFB0200CCB9AB /* attention.xcdatamodeld */,
				50B0CF3619CDFB0200CCB9AB /* Supporting Files */,
				5056611C1C562CEF00F75330 /* GCHelper.h */,
				5056611D1C562CEF00F75330 /* GCHelper.m */,
				504F858F19FC131700DAC9FF /* MainMenuViewController.h */,
				504F859019FC131700DAC9FF /* MainMenuViewController.m */,
			);
			path = attention;
			sourceTree = "<group>";
		};
		50B0CF3619CDFB0200CCB9AB /* Supporting Files */ = {
			isa = PBXGroup;
			children = (
				501633FA1ADE90FA0073B60E /* UIPlotView.h */,
				501633FB1ADE90FA0073B60E /* UIPlotView.m */,
				50B0CF3A19CDFB0200CCB9AB /* AppDelegate.h */,
				50B0CF3B19CDFB0200CCB9AB /* AppDelegate.m */,
				50B0CF3719CDFB0200CCB9AB /* Info.plist */,
				50B0CF3819CDFB0200CCB9AB /* main.m */,
				505661151C556B3400F75330 /* Settings.plist */,
				5056611A1C55761400F75330 /* Settings.example.plist */,
				505661171C55706A00F75330 /* ATSettings.h */,
				505661181C55706A00F75330 /* ATSettings.m */,
			);
			name = "Supporting Files";
			sourceTree = "<group>";
		};
		50B0CF5219CDFB0200CCB9AB /* attentionTests */ = {
			isa = PBXGroup;
			children = (
				50B0CF5519CDFB0200CCB9AB /* attentionTests.m */,
				50B0CF5319CDFB0200CCB9AB /* Supporting Files */,
			);
			path = attentionTests;
			sourceTree = "<group>";
		};
		50B0CF5319CDFB0200CCB9AB /* Supporting Files */ = {
			isa = PBXGroup;
			children = (
				50B0CF5419CDFB0200CCB9AB /* Info.plist */,
			);
			name = "Supporting Files";
			sourceTree = "<group>";
		};
/* End PBXGroup section */

/* Begin PBXNativeTarget section */
		50B0CF3219CDFB0200CCB9AB /* attention */ = {
			isa = PBXNativeTarget;
			buildConfigurationList = 50B0CF5919CDFB0200CCB9AB /* Build configuration list for PBXNativeTarget "attention" */;
			buildPhases = (
				5008D4DF1AD887BB00747DE3 /* ShellScript */,
				50B0CF2F19CDFB0200CCB9AB /* Sources */,
				50B0CF3019CDFB0200CCB9AB /* Frameworks */,
				50B0CF3119CDFB0200CCB9AB /* Resources */,
			);
			buildRules = (
			);
			dependencies = (
			);
			name = attention;
			productName = attention;
			productReference = 50B0CF3319CDFB0200CCB9AB /* attention.app */;
			productType = "com.apple.product-type.application";
		};
		50B0CF4E19CDFB0200CCB9AB /* attentionTests */ = {
			isa = PBXNativeTarget;
			buildConfigurationList = 50B0CF5C19CDFB0200CCB9AB /* Build configuration list for PBXNativeTarget "attentionTests" */;
			buildPhases = (
				50B0CF4B19CDFB0200CCB9AB /* Sources */,
				50B0CF4C19CDFB0200CCB9AB /* Frameworks */,
				50B0CF4D19CDFB0200CCB9AB /* Resources */,
			);
			buildRules = (
			);
			dependencies = (
				50B0CF5119CDFB0200CCB9AB /* PBXTargetDependency */,
			);
			name = attentionTests;
			productName = attentionTests;
			productReference = 50B0CF4F19CDFB0200CCB9AB /* attentionTests.xctest */;
			productType = "com.apple.product-type.bundle.unit-test";
		};
/* End PBXNativeTarget section */

/* Begin PBXProject section */
		50B0CF2B19CDFB0200CCB9AB /* Project object */ = {
			isa = PBXProject;
			attributes = {
				LastUpgradeCheck = 0600;
				ORGANIZATIONNAME = Max;
				TargetAttributes = {
					50B0CF3219CDFB0200CCB9AB = {
						CreatedOnToolsVersion = 6.0.1;
						DevelopmentTeam = 3TQXLRUNTH;
					};
					50B0CF4E19CDFB0200CCB9AB = {
						CreatedOnToolsVersion = 6.0.1;
						DevelopmentTeam = 3TQXLRUNTH;
						TestTargetID = 50B0CF3219CDFB0200CCB9AB;
					};
				};
			};
			buildConfigurationList = 50B0CF2E19CDFB0200CCB9AB /* Build configuration list for PBXProject "attention" */;
			compatibilityVersion = "Xcode 3.2";
			developmentRegion = English;
			hasScannedForEncodings = 0;
			knownRegions = (
				Base,
				English,
				en,
				ru,
				fr,
			);
			mainGroup = 50B0CF2A19CDFB0200CCB9AB;
			productRefGroup = 50B0CF3419CDFB0200CCB9AB /* Products */;
			projectDirPath = "";
			projectRoot = "";
			targets = (
				50B0CF3219CDFB0200CCB9AB /* attention */,
				50B0CF4E19CDFB0200CCB9AB /* attentionTests */,
			);
		};
/* End PBXProject section */

/* Begin PBXResourcesBuildPhase section */
		50B0CF3119CDFB0200CCB9AB /* Resources */ = {
			isa = PBXResourcesBuildPhase;
			buildActionMask = 2147483647;
			files = (
				50CF3C7C1B3ABE0200B1CD4D /* Localizable.strings in Resources */,
				50CF3C801B3ABF6100B1CD4D /* Universal.storyboard in Resources */,
				5056611B1C55761400F75330 /* Settings.example.plist in Resources */,
				505661161C556B3400F75330 /* Settings.plist in Resources */,
				50B0CF4A19CDFB0200CCB9AB /* LaunchScreen.xib in Resources */,
				50B0CF4719CDFB0200CCB9AB /* Images.xcassets in Resources */,
			);
			runOnlyForDeploymentPostprocessing = 0;
		};
		50B0CF4D19CDFB0200CCB9AB /* Resources */ = {
			isa = PBXResourcesBuildPhase;
			buildActionMask = 2147483647;
			files = (
			);
			runOnlyForDeploymentPostprocessing = 0;
		};
/* End PBXResourcesBuildPhase section */

/* Begin PBXShellScriptBuildPhase section */
		5008D4DF1AD887BB00747DE3 /* ShellScript */ = {
			isa = PBXShellScriptBuildPhase;
			buildActionMask = 2147483647;
			files = (
			);
			inputPaths = (
			);
			outputPaths = (
			);
			runOnlyForDeploymentPostprocessing = 0;
			shellPath = /bin/bash;
			shellScript = "buildNumber=`/bin/date +%Y%m%d%H%M`\n/usr/libexec/PlistBuddy -c \"Set :CFBundleVersion $buildNumber\" \"${PROJECT_DIR}/${INFOPLIST_FILE}\"";
		};
/* End PBXShellScriptBuildPhase section */

/* Begin PBXSourcesBuildPhase section */
		50B0CF2F19CDFB0200CCB9AB /* Sources */ = {
			isa = PBXSourcesBuildPhase;
			buildActionMask = 2147483647;
			files = (
				50B0CF3C19CDFB0200CCB9AB /* AppDelegate.m in Sources */,
				50B0CF3F19CDFB0200CCB9AB /* attention.xcdatamodeld in Sources */,
				504F859119FC131700DAC9FF /* MainMenuViewController.m in Sources */,
				5058ABCC1BAF053200EBD28B /* Utils.m in Sources */,
				505661591C562DF900F75330 /* PiwikLocationManager.m in Sources */,
				5056615C1C562DF900F75330 /* PiwikTracker.m in Sources */,
				505661531C562DF900F75330 /* AFURLConnectionOperation.m in Sources */,
				505661521C562DF900F75330 /* AFSecurityPolicy.m in Sources */,
				505661601C562DF900F75330 /* PiwikTransactionItem.m in Sources */,
				503AAD511A027F5B00602F0D /* NCGameViewController.m in Sources */,
				505661501C562DF900F75330 /* AFHTTPSessionManager.m in Sources */,
				5056615D1C562DF900F75330 /* piwiktracker.xcdatamodeld in Sources */,
				5056615E1C562DF900F75330 /* PiwikTransaction.m in Sources */,
				505661191C55706A00F75330 /* ATSettings.m in Sources */,
				505661611C562DF900F75330 /* PTEventEntity.m in Sources */,
				505661581C562DF900F75330 /* PiwikDebugDispatcher.m in Sources */,
				50A0A0B31B5D2FAD0096B38B /* LeaderboardTableViewController.m in Sources */,
				501633FC1ADE90FA0073B60E /* UIPlotView.m in Sources */,
				503AAD501A027F5B00602F0D /* NCStatsViewController.m in Sources */,
				50CF3C8C1B3B0F0200B1CD4D /* NCCell.m in Sources */,
				5056614F1C562DF900F75330 /* AFHTTPRequestOperationManager.m in Sources */,
				5056614E1C562DF900F75330 /* AFHTTPRequestOperation.m in Sources */,
				5056615F1C562DF900F75330 /* PiwikTransactionBuilder.m in Sources */,
				505661561C562DF900F75330 /* AFURLSessionManager.m in Sources */,
				503AAD4D1A027F5B00602F0D /* NCGame.m in Sources */,
				505661571C562DF900F75330 /* PiwikAFNetworking2Dispatcher.m in Sources */,
				505661511C562DF900F75330 /* AFNetworkReachabilityManager.m in Sources */,
				505661701C562F1300F75330 /* ATShape.m in Sources */,
				505661551C562DF900F75330 /* AFURLResponseSerialization.m in Sources */,
				505661541C562DF900F75330 /* AFURLRequestSerialization.m in Sources */,
				5056616E1C562F1300F75330 /* ATQuestionViewController.m in Sources */,
				50B0CF3919CDFB0200CCB9AB /* main.m in Sources */,
				5056615B1C562DF900F75330 /* PiwikTrackedViewController.m in Sources */,
				505661711C562F1300F75330 /* AttentionViewController.m in Sources */,
				5056611E1C562CEF00F75330 /* GCHelper.m in Sources */,
				5056615A1C562DF900F75330 /* PiwikNSURLSessionDispatcher.m in Sources */,
				503AAD4E1A027F5B00602F0D /* NCSettings.m in Sources */,
				5056616D1C562F1300F75330 /* ATGame.m in Sources */,
				5010515C1B94AD3300D08C16 /* WordsViewController.m in Sources */,
			);
			runOnlyForDeploymentPostprocessing = 0;
		};
		50B0CF4B19CDFB0200CCB9AB /* Sources */ = {
			isa = PBXSourcesBuildPhase;
			buildActionMask = 2147483647;
			files = (
				50B0CF5619CDFB0200CCB9AB /* attentionTests.m in Sources */,
			);
			runOnlyForDeploymentPostprocessing = 0;
		};
/* End PBXSourcesBuildPhase section */

/* Begin PBXTargetDependency section */
		50B0CF5119CDFB0200CCB9AB /* PBXTargetDependency */ = {
			isa = PBXTargetDependency;
			target = 50B0CF3219CDFB0200CCB9AB /* attention */;
			targetProxy = 50B0CF5019CDFB0200CCB9AB /* PBXContainerItemProxy */;
		};
/* End PBXTargetDependency section */

/* Begin PBXVariantGroup section */
		50B0CF4819CDFB0200CCB9AB /* LaunchScreen.xib */ = {
			isa = PBXVariantGroup;
			children = (
				50B0CF4919CDFB0200CCB9AB /* Base */,
				507BD4881B2CA4BE003FFF10 /* en-US */,
				507BD4891B2CA4E5003FFF10 /* en */,
				507BD48A1B2CA595003FFF10 /* en-GB */,
				50CF3C7B1B3ABDA500B1CD4D /* ru */,
				50CF3C8E1B3C1BC200B1CD4D /* fr */,
			);
			name = LaunchScreen.xib;
			sourceTree = "<group>";
		};
		50CF3C7E1B3ABE0200B1CD4D /* Localizable.strings */ = {
			isa = PBXVariantGroup;
			children = (
				50CF3C7D1B3ABE0200B1CD4D /* ru */,
				50CF3C851B3ABF7700B1CD4D /* Base */,
				50CF3C8F1B3C1BC200B1CD4D /* fr */,
			);
			name = Localizable.strings;
			path = attention;
			sourceTree = SOURCE_ROOT;
		};
		50CF3C821B3ABF6100B1CD4D /* Universal.storyboard */ = {
			isa = PBXVariantGroup;
			children = (
				50CF3C811B3ABF6100B1CD4D /* Base */,
				50CF3C891B3AC2DB00B1CD4D /* ru */,
				50CF3C8D1B3C1BC100B1CD4D /* fr */,
			);
			name = Universal.storyboard;
			sourceTree = "<group>";
		};
/* End PBXVariantGroup section */

/* Begin XCBuildConfiguration section */
		50B0CF5719CDFB0200CCB9AB /* Debug */ = {
			isa = XCBuildConfiguration;
			buildSettings = {
				ALWAYS_SEARCH_USER_PATHS = NO;
				CLANG_CXX_LANGUAGE_STANDARD = "gnu++0x";
				CLANG_CXX_LIBRARY = "libc++";
				CLANG_ENABLE_MODULES = YES;
				CLANG_ENABLE_OBJC_ARC = YES;
				CLANG_WARN_BOOL_CONVERSION = YES;
				CLANG_WARN_CONSTANT_CONVERSION = YES;
				CLANG_WARN_DIRECT_OBJC_ISA_USAGE = YES_ERROR;
				CLANG_WARN_EMPTY_BODY = YES;
				CLANG_WARN_ENUM_CONVERSION = YES;
				CLANG_WARN_INT_CONVERSION = YES;
				CLANG_WARN_OBJC_ROOT_CLASS = YES_ERROR;
				CLANG_WARN_UNREACHABLE_CODE = YES;
				CLANG_WARN__DUPLICATE_METHOD_MATCH = YES;
				"CODE_SIGN_IDENTITY[sdk=*]" = "iPhone Developer";
				"CODE_SIGN_IDENTITY[sdk=iphoneos*]" = "iPhone Developer";
				COPY_PHASE_STRIP = NO;
				ENABLE_STRICT_OBJC_MSGSEND = YES;
				ENABLE_TESTABILITY = YES;
				GCC_C_LANGUAGE_STANDARD = gnu99;
				GCC_DYNAMIC_NO_PIC = NO;
				GCC_OPTIMIZATION_LEVEL = 0;
				GCC_PREPROCESSOR_DEFINITIONS = (
					"DEBUG=1",
					"$(inherited)",
				);
				GCC_SYMBOLS_PRIVATE_EXTERN = NO;
				GCC_WARN_64_TO_32_BIT_CONVERSION = YES;
				GCC_WARN_ABOUT_RETURN_TYPE = YES_ERROR;
				GCC_WARN_UNDECLARED_SELECTOR = YES;
				GCC_WARN_UNINITIALIZED_AUTOS = YES_AGGRESSIVE;
				GCC_WARN_UNUSED_FUNCTION = YES;
				GCC_WARN_UNUSED_VARIABLE = YES;
				IPHONEOS_DEPLOYMENT_TARGET = 7.1;
				MTL_ENABLE_DEBUG_INFO = YES;
				ONLY_ACTIVE_ARCH = YES;
				PRODUCT_BUNDLE_IDENTIFIER = "";
				SDKROOT = iphoneos;
			};
			name = Debug;
		};
		50B0CF5819CDFB0200CCB9AB /* Release */ = {
			isa = XCBuildConfiguration;
			buildSettings = {
				ALWAYS_SEARCH_USER_PATHS = NO;
				CLANG_CXX_LANGUAGE_STANDARD = "gnu++0x";
				CLANG_CXX_LIBRARY = "libc++";
				CLANG_ENABLE_MODULES = YES;
				CLANG_ENABLE_OBJC_ARC = YES;
				CLANG_WARN_BOOL_CONVERSION = YES;
				CLANG_WARN_CONSTANT_CONVERSION = YES;
				CLANG_WARN_DIRECT_OBJC_ISA_USAGE = YES_ERROR;
				CLANG_WARN_EMPTY_BODY = YES;
				CLANG_WARN_ENUM_CONVERSION = YES;
				CLANG_WARN_INT_CONVERSION = YES;
				CLANG_WARN_OBJC_ROOT_CLASS = YES_ERROR;
				CLANG_WARN_UNREACHABLE_CODE = YES;
				CLANG_WARN__DUPLICATE_METHOD_MATCH = YES;
				"CODE_SIGN_IDENTITY[sdk=iphoneos*]" = "iPhone Developer";
				COPY_PHASE_STRIP = YES;
				ENABLE_NS_ASSERTIONS = NO;
				ENABLE_STRICT_OBJC_MSGSEND = YES;
				ENABLE_TESTABILITY = YES;
				GCC_C_LANGUAGE_STANDARD = gnu99;
				GCC_WARN_64_TO_32_BIT_CONVERSION = YES;
				GCC_WARN_ABOUT_RETURN_TYPE = YES_ERROR;
				GCC_WARN_UNDECLARED_SELECTOR = YES;
				GCC_WARN_UNINITIALIZED_AUTOS = YES_AGGRESSIVE;
				GCC_WARN_UNUSED_FUNCTION = YES;
				GCC_WARN_UNUSED_VARIABLE = YES;
				IPHONEOS_DEPLOYMENT_TARGET = 7.1;
				MTL_ENABLE_DEBUG_INFO = NO;
				ONLY_ACTIVE_ARCH = NO;
				SDKROOT = iphoneos;
				VALIDATE_PRODUCT = YES;
			};
			name = Release;
		};
		50B0CF5A19CDFB0200CCB9AB /* Debug */ = {
			isa = XCBuildConfiguration;
			buildSettings = {
				ASSETCATALOG_COMPILER_APPICON_NAME = AppIcon;
				ASSETCATALOG_COMPILER_LAUNCHIMAGE_NAME = LaunchImage;
				CODE_SIGN_IDENTITY = "iPhone Developer";
				"CODE_SIGN_IDENTITY[sdk=iphoneos*]" = "iPhone Developer";
				HEADER_SEARCH_PATHS = (
					"$(inherited)",
					/Applications/Xcode.app/Contents/Developer/Toolchains/XcodeDefault.xctoolchain/usr/include,
				);
				INFOPLIST_FILE = attention/Info.plist;
				IPHONEOS_DEPLOYMENT_TARGET = 7.1;
				LD_RUNPATH_SEARCH_PATHS = "$(inherited) @executable_path/Frameworks";
				OTHER_LDFLAGS = (
					"-all_load",
					"-ObjC",
				);
				"OTHER_LDFLAGS[arch=*]" = "-ObjC";
				PRODUCT_BUNDLE_IDENTIFIER = "$(PRODUCT_BUNDLE_IDENTIFIER)";
				PRODUCT_NAME = "$(TARGET_NAME)";
				PROVISIONING_PROFILE = "";
				TARGETED_DEVICE_FAMILY = "1,2";
				"USER_HEADER_SEARCH_PATHS[arch=*]" = "";
			};
			name = Debug;
		};
		50B0CF5B19CDFB0200CCB9AB /* Release */ = {
			isa = XCBuildConfiguration;
			buildSettings = {
				ASSETCATALOG_COMPILER_APPICON_NAME = AppIcon;
				ASSETCATALOG_COMPILER_LAUNCHIMAGE_NAME = LaunchImage;
				CODE_SIGN_IDENTITY = "iPhone Developer";
				"CODE_SIGN_IDENTITY[sdk=iphoneos*]" = "iPhone Developer";
				HEADER_SEARCH_PATHS = (
					"$(inherited)",
					/Applications/Xcode.app/Contents/Developer/Toolchains/XcodeDefault.xctoolchain/usr/include,
				);
				INFOPLIST_FILE = attention/Info.plist;
				IPHONEOS_DEPLOYMENT_TARGET = 7.1;
				LD_RUNPATH_SEARCH_PATHS = "$(inherited) @executable_path/Frameworks";
				OTHER_LDFLAGS = (
					"-all_load",
					"-ObjC",
				);
				"OTHER_LDFLAGS[arch=*]" = "-ObjC";
				PRODUCT_BUNDLE_IDENTIFIER = "$(PRODUCT_BUNDLE_IDENTIFIER)";
				PRODUCT_NAME = "$(TARGET_NAME)";
				PROVISIONING_PROFILE = "";
				TARGETED_DEVICE_FAMILY = "1,2";
			};
			name = Release;
		};
		50B0CF5D19CDFB0200CCB9AB /* Debug */ = {
			isa = XCBuildConfiguration;
			buildSettings = {
				BUNDLE_LOADER = "$(TEST_HOST)";
				CODE_SIGN_IDENTITY = "iPhone Developer";
				"CODE_SIGN_IDENTITY[sdk=iphoneos*]" = "iPhone Developer";
				FRAMEWORK_SEARCH_PATHS = (
					"$(SDKROOT)/Developer/Library/Frameworks",
					"$(inherited)",
				);
				GCC_PREPROCESSOR_DEFINITIONS = (
					"DEBUG=1",
					"$(inherited)",
				);
				INFOPLIST_FILE = attentionTests/Info.plist;
				LD_RUNPATH_SEARCH_PATHS = "$(inherited) @executable_path/Frameworks @loader_path/Frameworks";
				PRODUCT_BUNDLE_IDENTIFIER = "$(PRODUCT_BUNDLE_IDENTIFIER)";
				PRODUCT_NAME = "$(TARGET_NAME)";
				PROVISIONING_PROFILE = "";
				TEST_HOST = "$(BUILT_PRODUCTS_DIR)/attention.app/attention";
			};
			name = Debug;
		};
		50B0CF5E19CDFB0200CCB9AB /* Release */ = {
			isa = XCBuildConfiguration;
			buildSettings = {
				BUNDLE_LOADER = "$(TEST_HOST)";
				CODE_SIGN_IDENTITY = "iPhone Developer";
				"CODE_SIGN_IDENTITY[sdk=iphoneos*]" = "iPhone Developer";
				FRAMEWORK_SEARCH_PATHS = (
					"$(SDKROOT)/Developer/Library/Frameworks",
					"$(inherited)",
				);
				INFOPLIST_FILE = attentionTests/Info.plist;
				LD_RUNPATH_SEARCH_PATHS = "$(inherited) @executable_path/Frameworks @loader_path/Frameworks";
				PRODUCT_BUNDLE_IDENTIFIER = "$(PRODUCT_BUNDLE_IDENTIFIER)";
				PRODUCT_NAME = "$(TARGET_NAME)";
				PROVISIONING_PROFILE = "";
				TEST_HOST = "$(BUILT_PRODUCTS_DIR)/attention.app/attention";
			};
			name = Release;
		};
/* End XCBuildConfiguration section */

/* Begin XCConfigurationList section */
		50B0CF2E19CDFB0200CCB9AB /* Build configuration list for PBXProject "attention" */ = {
			isa = XCConfigurationList;
			buildConfigurations = (
				50B0CF5719CDFB0200CCB9AB /* Debug */,
				50B0CF5819CDFB0200CCB9AB /* Release */,
			);
			defaultConfigurationIsVisible = 0;
			defaultConfigurationName = Release;
		};
		50B0CF5919CDFB0200CCB9AB /* Build configuration list for PBXNativeTarget "attention" */ = {
			isa = XCConfigurationList;
			buildConfigurations = (
				50B0CF5A19CDFB0200CCB9AB /* Debug */,
				50B0CF5B19CDFB0200CCB9AB /* Release */,
			);
			defaultConfigurationIsVisible = 0;
			defaultConfigurationName = Release;
		};
		50B0CF5C19CDFB0200CCB9AB /* Build configuration list for PBXNativeTarget "attentionTests" */ = {
			isa = XCConfigurationList;
			buildConfigurations = (
				50B0CF5D19CDFB0200CCB9AB /* Debug */,
				50B0CF5E19CDFB0200CCB9AB /* Release */,
			);
			defaultConfigurationIsVisible = 0;
			defaultConfigurationName = Release;
		};
/* End XCConfigurationList section */

/* Begin XCVersionGroup section */
		505661431C562DF900F75330 /* piwiktracker.xcdatamodeld */ = {
			isa = XCVersionGroup;
			children = (
				505661441C562DF900F75330 /* piwiktracker v2.xcdatamodel */,
				505661451C562DF900F75330 /* piwiktracker.xcdatamodel */,
			);
			currentVersion = 505661441C562DF900F75330 /* piwiktracker v2.xcdatamodel */;
			path = piwiktracker.xcdatamodeld;
			sourceTree = "<group>";
			versionGroupType = wrapper.xcdatamodel;
		};
		50B0CF3D19CDFB0200CCB9AB /* attention.xcdatamodeld */ = {
			isa = XCVersionGroup;
			children = (
				50B0CF3E19CDFB0200CCB9AB /* attention.xcdatamodel */,
			);
			currentVersion = 50B0CF3E19CDFB0200CCB9AB /* attention.xcdatamodel */;
			path = attention.xcdatamodeld;
			sourceTree = "<group>";
			versionGroupType = wrapper.xcdatamodel;
		};
/* End XCVersionGroup section */
	};
	rootObject = 50B0CF2B19CDFB0200CCB9AB /* Project object */;
}
